
Microsoft Visual Studio Solution File, Format Version 12.00
# Visual Studio Version 16
VisualStudioVersion = 16.0.30413.136
MinimumVisualStudioVersion = 10.0.40219.1
Project("{9A19103F-16F7-4668-BE54-9A1E7A4F7556}") = "AwsTest", "AwsTest\AwsTest.csproj", "{7A94C66E-A383-4E56-BA3D-285DAD438F81}"
EndProject
Project("{9A19103F-16F7-4668-BE54-9A1E7A4F7556}") = "AwsTest.Tests", "AwsTest.Tests\AwsTest.Tests.csproj", "{02E7F8B4-23D1-44E9-8D9F-C56199FB7ABE}"
EndProject
Global
	GlobalSection(SolutionConfigurationPlatforms) = preSolution
		Debug|Any CPU = Debug|Any CPU
		Release|Any CPU = Release|Any CPU
	EndGlobalSection
	GlobalSection(ProjectConfigurationPlatforms) = postSolution
		{7A94C66E-A383-4E56-BA3D-285DAD438F81}.Debug|Any CPU.ActiveCfg = Debug|Any CPU
		{7A94C66E-A383-4E56-BA3D-285DAD438F81}.Debug|Any CPU.Build.0 = Debug|Any CPU
		{7A94C66E-A383-4E56-BA3D-285DAD438F81}.Release|Any CPU.ActiveCfg = Release|Any CPU
		{7A94C66E-A383-4E56-BA3D-285DAD438F81}.Release|Any CPU.Build.0 = Release|Any CPU
		{02E7F8B4-23D1-44E9-8D9F-C56199FB7ABE}.Debug|Any CPU.ActiveCfg = Debug|Any CPU
		{02E7F8B4-23D1-44E9-8D9F-C56199FB7ABE}.Debug|Any CPU.Build.0 = Debug|Any CPU
		{02E7F8B4-23D1-44E9-8D9F-C56199FB7ABE}.Release|Any CPU.ActiveCfg = Release|Any CPU
		{02E7F8B4-23D1-44E9-8D9F-C56199FB7ABE}.Release|Any CPU.Build.0 = Release|Any CPU
	EndGlobalSection
	GlobalSection(SolutionProperties) = preSolution
		HideSolutionNode = FALSE
	EndGlobalSection
	GlobalSection(ExtensibilityGlobals) = postSolution
		SolutionGuid = {49121EF6-1282-4552-8EEE-C6AB0CB0EAFC}
	EndGlobalSection
EndGlobal
